
Microsoft Visual Studio Solution File, Format Version 12.00
# Visual Studio 15
VisualStudioVersion = 15.0.28010.2048
MinimumVisualStudioVersion = 10.0.40219.1
Project("{FAE04EC0-301F-11D3-BF4B-00C04F79EFBC}") = "ASPNETIdentity", "ASPNETIdentity\ASPNETIdentity.csproj", "{673B0F28-841F-4CAD-98D1-48F51ECDD332}"
EndProject
Global
	GlobalSection(SolutionConfigurationPlatforms) = preSolution
		Debug|Any CPU = Debug|Any CPU
		Release|Any CPU = Release|Any CPU
	EndGlobalSection
	GlobalSection(ProjectConfigurationPlatforms) = postSolution
		{673B0F28-841F-4CAD-98D1-48F51ECDD332}.Debug|Any CPU.ActiveCfg = Debug|Any CPU
		{673B0F28-841F-4CAD-98D1-48F51ECDD332}.Debug|Any CPU.Build.0 = Debug|Any CPU
		{673B0F28-841F-4CAD-98D1-48F51ECDD332}.Release|Any CPU.ActiveCfg = Release|Any CPU
		{673B0F28-841F-4CAD-98D1-48F51ECDD332}.Release|Any CPU.Build.0 = Release|Any CPU
	EndGlobalSection
	GlobalSection(SolutionProperties) = preSolution
		HideSolutionNode = FALSE
	EndGlobalSection
	GlobalSection(ExtensibilityGlobals) = postSolution
		SolutionGuid = {8FDA18B7-2742-45FF-B855-71C045CACB24}
	EndGlobalSection
EndGlobal
